
Microsoft Visual Studio Solution File, Format Version 12.00
# Visual Studio Version 17
VisualStudioVersion = 17.5.33530.505
MinimumVisualStudioVersion = 10.0.40219.1
Project("{FAE04EC0-301F-11D3-BF4B-00C04F79EFBC}") = "SA ID", "SA ID.csproj", "{C6364823-C09E-4798-8608-F60A3A630D7D}"
EndProject
Global
	GlobalSection(SolutionConfigurationPlatforms) = preSolution
		Debug|Any CPU = Debug|Any CPU
		Release|Any CPU = Release|Any CPU
	EndGlobalSection
	GlobalSection(ProjectConfigurationPlatforms) = postSolution
		{C6364823-C09E-4798-8608-F60A3A630D7D}.Debug|Any CPU.ActiveCfg = Debug|Any CPU
		{C6364823-C09E-4798-8608-F60A3A630D7D}.Debug|Any CPU.Build.0 = Debug|Any CPU
		{C6364823-C09E-4798-8608-F60A3A630D7D}.Release|Any CPU.ActiveCfg = Release|Any CPU
		{C6364823-C09E-4798-8608-F60A3A630D7D}.Release|Any CPU.Build.0 = Release|Any CPU
	EndGlobalSection
	GlobalSection(SolutionProperties) = preSolution
		HideSolutionNode = FALSE
	EndGlobalSection
	GlobalSection(ExtensibilityGlobals) = postSolution
		SolutionGuid = {9A99DE03-FA90-44DF-9A0F-B4AAA19F1FD0}
	EndGlobalSection
EndGlobal
